// !$*UTF8*$!
{
	archiveVersion = 1;
	classes = {
	};
	objectVersion = 46;
	objects = {

/* Begin PBXBuildFile section */
		494068D1184563D30016BEFF /* JCKeyPathValidator.podspec in Resources */ = {isa = PBXBuildFile; fileRef = 494068D0184563D30016BEFF /* JCKeyPathValidator.podspec */; };
		49A4C40B18455D60008AFC64 /* XCTest.framework in Frameworks */ = {isa = PBXBuildFile; fileRef = 49A4C40A18455D60008AFC64 /* XCTest.framework */; };
		49A4C41118455D60008AFC64 /* InfoPlist.strings in Resources */ = {isa = PBXBuildFile; fileRef = 49A4C40F18455D60008AFC64 /* InfoPlist.strings */; };
		49A4C41318455D60008AFC64 /* JCKeyPathValidation_Tests.m in Sources */ = {isa = PBXBuildFile; fileRef = 49A4C41218455D60008AFC64 /* JCKeyPathValidation_Tests.m */; };
/* End PBXBuildFile section */

/* Begin PBXFileReference section */
		494068D0184563D30016BEFF /* JCKeyPathValidator.podspec */ = {isa = PBXFileReference; fileEncoding = 4; lastKnownFileType = text; name = JCKeyPathValidator.podspec; path = ../JCKeyPathValidator.podspec; sourceTree = "<group>"; };
		4964E5E91845674400D0042D /* LICENSE */ = {isa = PBXFileReference; lastKnownFileType = text; path = LICENSE; sourceTree = "<group>"; };
		4964E5EA1845674400D0042D /* README.md */ = {isa = PBXFileReference; lastKnownFileType = text; path = README.md; sourceTree = "<group>"; };
		49A4C3DC18455C5C008AFC64 /* Foundation.framework */ = {isa = PBXFileReference; lastKnownFileType = wrapper.framework; name = Foundation.framework; path = System/Library/Frameworks/Foundation.framework; sourceTree = SDKROOT; };
		49A4C3EA18455C71008AFC64 /* JCKeyPathValidator.h */ = {isa = PBXFileReference; fileEncoding = 4; lastKnownFileType = sourcecode.c.h; path = JCKeyPathValidator.h; sourceTree = "<group>"; };
		49A4C3EB18455C71008AFC64 /* JCKeyPathValidator.m */ = {isa = PBXFileReference; fileEncoding = 4; lastKnownFileType = sourcecode.c.objc; path = JCKeyPathValidator.m; sourceTree = "<group>"; };
		49A4C40918455D60008AFC64 /* JCKeyPathValidator Tests.xctest */ = {isa = PBXFileReference; explicitFileType = wrapper.cfbundle; includeInIndex = 0; path = "JCKeyPathValidator Tests.xctest"; sourceTree = BUILT_PRODUCTS_DIR; };
		49A4C40A18455D60008AFC64 /* XCTest.framework */ = {isa = PBXFileReference; lastKnownFileType = wrapper.framework; name = XCTest.framework; path = Library/Frameworks/XCTest.framework; sourceTree = DEVELOPER_DIR; };
		49A4C40E18455D60008AFC64 /* JCKeyPathValidator Tests-Info.plist */ = {isa = PBXFileReference; lastKnownFileType = text.plist.xml; path = "JCKeyPathValidator Tests-Info.plist"; sourceTree = "<group>"; };
		49A4C41018455D60008AFC64 /* en */ = {isa = PBXFileReference; lastKnownFileType = text.plist.strings; name = en; path = en.lproj/InfoPlist.strings; sourceTree = "<group>"; };
		49A4C41218455D60008AFC64 /* JCKeyPathValidation_Tests.m */ = {isa = PBXFileReference; lastKnownFileType = sourcecode.c.objc; path = JCKeyPathValidation_Tests.m; sourceTree = "<group>"; };
		49A4C41418455D60008AFC64 /* JCKeyPathValidator Tests-Prefix.pch */ = {isa = PBXFileReference; lastKnownFileType = sourcecode.c.h; path = "JCKeyPathValidator Tests-Prefix.pch"; sourceTree = "<group>"; };
/* End PBXFileReference section */

/* Begin PBXFrameworksBuildPhase section */
		49A4C40618455D60008AFC64 /* Frameworks */ = {
			isa = PBXFrameworksBuildPhase;
			buildActionMask = 2147483647;
			files = (
				49A4C40B18455D60008AFC64 /* XCTest.framework in Frameworks */,
			);
			runOnlyForDeploymentPostprocessing = 0;
		};
/* End PBXFrameworksBuildPhase section */

/* Begin PBXGroup section */
		49A4C3D018455C5C008AFC64 = {
			isa = PBXGroup;
			children = (
				49A4C3DE18455C5C008AFC64 /* JCKeyPathValidator */,
				49A4C40C18455D60008AFC64 /* Tests */,
				49A4C3DB18455C5C008AFC64 /* Frameworks */,
				49A4C3DA18455C5C008AFC64 /* Products */,
				4964E5E91845674400D0042D /* LICENSE */,
				4964E5EA1845674400D0042D /* README.md */,
			);
			sourceTree = "<group>";
		};
		49A4C3DA18455C5C008AFC64 /* Products */ = {
			isa = PBXGroup;
			children = (
				49A4C40918455D60008AFC64 /* JCKeyPathValidator Tests.xctest */,
			);
			name = Products;
			sourceTree = "<group>";
		};
		49A4C3DB18455C5C008AFC64 /* Frameworks */ = {
			isa = PBXGroup;
			children = (
				49A4C3DC18455C5C008AFC64 /* Foundation.framework */,
				49A4C40A18455D60008AFC64 /* XCTest.framework */,
			);
			name = Frameworks;
			sourceTree = "<group>";
		};
		49A4C3DE18455C5C008AFC64 /* JCKeyPathValidator */ = {
			isa = PBXGroup;
			children = (
				49A4C3EA18455C71008AFC64 /* JCKeyPathValidator.h */,
				49A4C3EB18455C71008AFC64 /* JCKeyPathValidator.m */,
				494068D0184563D30016BEFF /* JCKeyPathValidator.podspec */,
			);
			name = JCKeyPathValidator;
			path = JCKeyPathValidation;
			sourceTree = "<group>";
		};
		49A4C40C18455D60008AFC64 /* Tests */ = {
			isa = PBXGroup;
			children = (
				49A4C41218455D60008AFC64 /* JCKeyPathValidation_Tests.m */,
				49A4C40D18455D60008AFC64 /* Supporting Files */,
			);
			path = Tests;
			sourceTree = "<group>";
		};
		49A4C40D18455D60008AFC64 /* Supporting Files */ = {
			isa = PBXGroup;
			children = (
				49A4C40E18455D60008AFC64 /* JCKeyPathValidator Tests-Info.plist */,
				49A4C40F18455D60008AFC64 /* InfoPlist.strings */,
				49A4C41418455D60008AFC64 /* JCKeyPathValidator Tests-Prefix.pch */,
			);
			name = "Supporting Files";
			sourceTree = "<group>";
		};
/* End PBXGroup section */

/* Begin PBXNativeTarget section */
		49A4C40818455D60008AFC64 /* Tests */ = {
			isa = PBXNativeTarget;
			buildConfigurationList = 49A4C41918455D60008AFC64 /* Build configuration list for PBXNativeTarget "Tests" */;
			buildPhases = (
				49A4C40518455D60008AFC64 /* Sources */,
				49A4C40618455D60008AFC64 /* Frameworks */,
				49A4C40718455D60008AFC64 /* Resources */,
			);
			buildRules = (
			);
			dependencies = (
			);
			name = Tests;
			productName = "JCKeyPathValidation Tests";
			productReference = 49A4C40918455D60008AFC64 /* JCKeyPathValidator Tests.xctest */;
			productType = "com.apple.product-type.bundle.unit-test";
		};
/* End PBXNativeTarget section */

/* Begin PBXProject section */
		49A4C3D118455C5C008AFC64 /* Project object */ = {
			isa = PBXProject;
			attributes = {
				LastUpgradeCheck = 0510;
				ORGANIZATIONNAME = "Jon Crooke";
				TargetAttributes = {
					49A4C40818455D60008AFC64 = {
						TestTargetID = 49A4C3D818455C5C008AFC64;
					};
				};
			};
			buildConfigurationList = 49A4C3D418455C5C008AFC64 /* Build configuration list for PBXProject "JCKeyPathValidator" */;
			compatibilityVersion = "Xcode 3.2";
			developmentRegion = English;
			hasScannedForEncodings = 0;
			knownRegions = (
				en,
			);
			mainGroup = 49A4C3D018455C5C008AFC64;
			productRefGroup = 49A4C3DA18455C5C008AFC64 /* Products */;
			projectDirPath = "";
			projectRoot = "";
			targets = (
				49A4C40818455D60008AFC64 /* Tests */,
			);
		};
/* End PBXProject section */

/* Begin PBXResourcesBuildPhase section */
		49A4C40718455D60008AFC64 /* Resources */ = {
			isa = PBXResourcesBuildPhase;
			buildActionMask = 2147483647;
			files = (
				49A4C41118455D60008AFC64 /* InfoPlist.strings in Resources */,
				494068D1184563D30016BEFF /* JCKeyPathValidator.podspec in Resources */,
			);
			runOnlyForDeploymentPostprocessing = 0;
		};
/* End PBXResourcesBuildPhase section */

/* Begin PBXSourcesBuildPhase section */
		49A4C40518455D60008AFC64 /* Sources */ = {
			isa = PBXSourcesBuildPhase;
			buildActionMask = 2147483647;
			files = (
				49A4C41318455D60008AFC64 /* JCKeyPathValidation_Tests.m in Sources */,
			);
			runOnlyForDeploymentPostprocessing = 0;
		};
/* End PBXSourcesBuildPhase section */

/* Begin PBXVariantGroup section */
		49A4C40F18455D60008AFC64 /* InfoPlist.strings */ = {
			isa = PBXVariantGroup;
			children = (
				49A4C41018455D60008AFC64 /* en */,
			);
			name = InfoPlist.strings;
			sourceTree = "<group>";
		};
/* End PBXVariantGroup section */

/* Begin XCBuildConfiguration section */
		49A4C3E518455C5C008AFC64 /* Debug */ = {
			isa = XCBuildConfiguration;
			buildSettings = {
				ALWAYS_SEARCH_USER_PATHS = NO;
				CLANG_CXX_LANGUAGE_STANDARD = "gnu++0x";
				CLANG_CXX_LIBRARY = "libc++";
				CLANG_ENABLE_OBJC_ARC = YES;
				CLANG_WARN_BOOL_CONVERSION = YES;
				CLANG_WARN_CONSTANT_CONVERSION = YES;
				CLANG_WARN_DIRECT_OBJC_ISA_USAGE = YES_ERROR;
				CLANG_WARN_EMPTY_BODY = YES;
				CLANG_WARN_ENUM_CONVERSION = YES;
				CLANG_WARN_INT_CONVERSION = YES;
				CLANG_WARN_OBJC_ROOT_CLASS = YES_ERROR;
				CLANG_WARN__DUPLICATE_METHOD_MATCH = YES;
				COPY_PHASE_STRIP = NO;
				GCC_C_LANGUAGE_STANDARD = gnu99;
				GCC_DYNAMIC_NO_PIC = NO;
				GCC_ENABLE_OBJC_EXCEPTIONS = YES;
				GCC_OPTIMIZATION_LEVEL = 0;
				GCC_PREPROCESSOR_DEFINITIONS = (
					"DEBUG=1",
					"$(inherited)",
				);
				GCC_SYMBOLS_PRIVATE_EXTERN = NO;
				GCC_WARN_64_TO_32_BIT_CONVERSION = YES;
				GCC_WARN_ABOUT_RETURN_TYPE = YES_ERROR;
				GCC_WARN_UNDECLARED_SELECTOR = YES;
				GCC_WARN_UNINITIALIZED_AUTOS = YES;
				GCC_WARN_UNUSED_FUNCTION = YES;
				GCC_WARN_UNUSED_VARIABLE = YES;
				MACOSX_DEPLOYMENT_TARGET = 10.9;
				ONLY_ACTIVE_ARCH = YES;
				SDKROOT = macosx;
			};
			name = Debug;
		};
		49A4C3E618455C5C008AFC64 /* Release */ = {
			isa = XCBuildConfiguration;
			buildSettings = {
				ALWAYS_SEARCH_USER_PATHS = NO;
				CLANG_CXX_LANGUAGE_STANDARD = "gnu++0x";
				CLANG_CXX_LIBRARY = "libc++";
				CLANG_ENABLE_OBJC_ARC = YES;
				CLANG_WARN_BOOL_CONVERSION = YES;
				CLANG_WARN_CONSTANT_CONVERSION = YES;
				CLANG_WARN_DIRECT_OBJC_ISA_USAGE = YES_ERROR;
				CLANG_WARN_EMPTY_BODY = YES;
				CLANG_WARN_ENUM_CONVERSION = YES;
				CLANG_WARN_INT_CONVERSION = YES;
				CLANG_WARN_OBJC_ROOT_CLASS = YES_ERROR;
				CLANG_WARN__DUPLICATE_METHOD_MATCH = YES;
				COPY_PHASE_STRIP = YES;
				DEBUG_INFORMATION_FORMAT = "dwarf-with-dsym";
				ENABLE_NS_ASSERTIONS = NO;
				GCC_C_LANGUAGE_STANDARD = gnu99;
				GCC_ENABLE_OBJC_EXCEPTIONS = YES;
				GCC_WARN_64_TO_32_BIT_CONVERSION = YES;
				GCC_WARN_ABOUT_RETURN_TYPE = YES_ERROR;
				GCC_WARN_UNDECLARED_SELECTOR = YES;
				GCC_WARN_UNINITIALIZED_AUTOS = YES;
				GCC_WARN_UNUSED_FUNCTION = YES;
				GCC_WARN_UNUSED_VARIABLE = YES;
				MACOSX_DEPLOYMENT_TARGET = 10.9;
				SDKROOT = macosx;
			};
			name = Release;
		};
		49A4C41718455D60008AFC64 /* Debug */ = {
			isa = XCBuildConfiguration;
			buildSettings = {
				COMBINE_HIDPI_IMAGES = YES;
				FRAMEWORK_SEARCH_PATHS = (
					"$(DEVELOPER_FRAMEWORKS_DIR)",
					"$(inherited)",
				);
				GCC_PRECOMPILE_PREFIX_HEADER = YES;
				GCC_PREFIX_HEADER = "Tests/JCKeyPathValidator Tests-Prefix.pch";
				GCC_PREPROCESSOR_DEFINITIONS = (
					"DEBUG=1",
					"$(inherited)",
				);
				INFOPLIST_FILE = "Tests/JCKeyPathValidator Tests-Info.plist";
				PRODUCT_NAME = "JCKeyPathValidator Tests";
				WRAPPER_EXTENSION = xctest;
			};
			name = Debug;
		};
		49A4C41818455D60008AFC64 /* Release */ = {
			isa = XCBuildConfiguration;
			buildSettings = {
				COMBINE_HIDPI_IMAGES = YES;
				FRAMEWORK_SEARCH_PATHS = (
					"$(DEVELOPER_FRAMEWORKS_DIR)",
					"$(inherited)",
				);
				GCC_PRECOMPILE_PREFIX_HEADER = YES;
				GCC_PREFIX_HEADER = "Tests/JCKeyPathValidator Tests-Prefix.pch";
				INFOPLIST_FILE = "Tests/JCKeyPathValidator Tests-Info.plist";
				PRODUCT_NAME = "JCKeyPathValidator Tests";
				WRAPPER_EXTENSION = xctest;
			};
			name = Release;
		};
/* End XCBuildConfiguration section */

/* Begin XCConfigurationList section */
		49A4C3D418455C5C008AFC64 /* Build configuration list for PBXProject "JCKeyPathValidator" */ = {
			isa = XCConfigurationList;
			buildConfigurations = (
				49A4C3E518455C5C008AFC64 /* Debug */,
				49A4C3E618455C5C008AFC64 /* Release */,
			);
			defaultConfigurationIsVisible = 0;
			defaultConfigurationName = Release;
		};
		49A4C41918455D60008AFC64 /* Build configuration list for PBXNativeTarget "Tests" */ = {
			isa = XCConfigurationList;
			buildConfigurations = (
				49A4C41718455D60008AFC64 /* Debug */,
				49A4C41818455D60008AFC64 /* Release */,
			);
			defaultConfigurationIsVisible = 0;
			defaultConfigurationName = Release;
		};
/* End XCConfigurationList section */
	};
	rootObject = 49A4C3D118455C5C008AFC64 /* Project object */;
}
